{
  "version": 4,
  "terraform_version": "1.2.3",
  "serial": 951,
  "lineage": "bbc38476-af4a-a8e1-e3be-fae32d299d98",
  "outputs": {},
  "resources": [
    {
      "module": "module.ecr",
      "mode": "managed",
      "type": "aws_ecr_repository",
      "name": "ecr_repository",
      "provider": "provider[\"registry.terraform.io/hashicorp/aws\"]",
      "instances": [
        {
          "index_key": "customer",
          "schema_version": 0,
          "attributes": {
            "arn": "arn:aws:ecr:us-east-1:131578276461:repository/forrester-ecs-customer",
            "encryption_configuration": [
              {
                "encryption_type": "AES256",
                "kms_key": ""
              }
            ],
            "id": "forrester-ecs-customer",
            "image_scanning_configuration": [
              {
                "scan_on_push": false
              }
            ],
            "image_tag_mutability": "MUTABLE",
            "name": "forrester-ecs-customer",
            "registry_id": "131578276461",
            "repository_url": "131578276461.dkr.ecr.us-east-1.amazonaws.com/forrester-ecs-customer",
            "tags": {},
            "tags_all": {},
            "timeouts": null
          },
          "sensitive_attributes": [],
          "private": "eyJlMmJmYjczMC1lY2FhLTExZTYtOGY4OC0zNDM2M2JjN2M0YzAiOnsiZGVsZXRlIjoxMjAwMDAwMDAwMDAwfX0="
        },
        {
          "index_key": "transaction",
          "schema_version": 0,
          "attributes": {
            "arn": "arn:aws:ecr:us-east-1:131578276461:repository/forrester-ecs-transaction",
            "encryption_configuration": [
              {
                "encryption_type": "AES256",
                "kms_key": ""
              }
            ],
            "id": "forrester-ecs-transaction",
            "image_scanning_configuration": [
              {
                "scan_on_push": false
              }
            ],
            "image_tag_mutability": "MUTABLE",
            "name": "forrester-ecs-transaction",
            "registry_id": "131578276461",
            "repository_url": "131578276461.dkr.ecr.us-east-1.amazonaws.com/forrester-ecs-transaction",
            "tags": {},
            "tags_all": {},
            "timeouts": null
          },
          "sensitive_attributes": [],
          "private": "eyJlMmJmYjczMC1lY2FhLTExZTYtOGY4OC0zNDM2M2JjN2M0YzAiOnsiZGVsZXRlIjoxMjAwMDAwMDAwMDAwfX0="
        },
        {
          "index_key": "webapp",
          "schema_version": 0,
          "attributes": {
            "arn": "arn:aws:ecr:us-east-1:131578276461:repository/forrester-ecs-webapp",
            "encryption_configuration": [
              {
                "encryption_type": "AES256",
                "kms_key": ""
              }
            ],
            "id": "forrester-ecs-webapp",
            "image_scanning_configuration": [
              {
                "scan_on_push": false
              }
            ],
            "image_tag_mutability": "MUTABLE",
            "name": "forrester-ecs-webapp",
            "registry_id": "131578276461",
            "repository_url": "131578276461.dkr.ecr.us-east-1.amazonaws.com/forrester-ecs-webapp",
            "tags": {},
            "tags_all": {},
            "timeouts": null
          },
          "sensitive_attributes": [],
          "private": "eyJlMmJmYjczMC1lY2FhLTExZTYtOGY4OC0zNDM2M2JjN2M0YzAiOnsiZGVsZXRlIjoxMjAwMDAwMDAwMDAwfX0="
        }
      ]
    },
    {
      "module": "module.ecs",
      "mode": "managed",
      "type": "aws_appautoscaling_policy",
      "name": "ecs_policy_cpu",
      "provider": "provider[\"registry.terraform.io/hashicorp/aws\"]",
      "instances": [
        {
          "index_key": "Customer",
          "schema_version": 0,
          "attributes": {
            "arn": "arn:aws:autoscaling:us-east-1:131578276461:scalingPolicy:fb60afc4-b25e-4fad-b419-974f6448828c:resource/ecs/service/forrester-ecs-cluster/Customer-Service:policyName/forrester-ecs-cpu-autoscaling",
            "id": "forrester-ecs-cpu-autoscaling",
            "name": "forrester-ecs-cpu-autoscaling",
            "policy_type": "TargetTrackingScaling",
            "resource_id": "service/forrester-ecs-cluster/Customer-Service",
            "scalable_dimension": "ecs:service:DesiredCount",
            "service_namespace": "ecs",
            "step_scaling_policy_configuration": [],
            "target_tracking_scaling_policy_configuration": [
              {
                "customized_metric_specification": [],
                "disable_scale_in": false,
                "predefined_metric_specification": [
                  {
                    "predefined_metric_type": "ECSServiceAverageCPUUtilization",
                    "resource_label": ""
                  }
                ],
                "scale_in_cooldown": 0,
                "scale_out_cooldown": 0,
                "target_value": 75
              }
            ]
          },
          "sensitive_attributes": [],
          "private": "bnVsbA==",
          "dependencies": [
            "module.ecs.aws_appautoscaling_target.service_autoscaling",
            "module.ecs.aws_ecs_cluster.ecs_cluster",
            "module.ecs.aws_ecs_service.private_service",
            "module.ecs.aws_ecs_task_definition.ecs_task_definition",
            "module.ecs.aws_security_group.service_security_group",
            "module.ecs.aws_security_group.webapp_security_group",
            "module.iam.aws_iam_role.ecs_task_execution_role",
            "module.iam.data.aws_iam_policy_document.assume_role_policy",
            "module.internal-alb.aws_alb_target_group.alb_target_group",
            "module.internal_alb_security_group.aws_security_group.security_group",
            "module.public-alb.aws_alb_target_group.alb_target_group",
            "module.public_alb_security_group.aws_security_group.security_group",
            "module.vpc.aws_subnet.private_subnet",
            "module.vpc.aws_subnet.public_subnet",
            "module.vpc.aws_vpc.vpc"
          ]
        },
        {
          "index_key": "Transaction",
          "schema_version": 0,
          "attributes": {
            "arn": "arn:aws:autoscaling:us-east-1:131578276461:scalingPolicy:762c05b3-0be1-4727-ab8a-1c60691384e8:resource/ecs/service/forrester-ecs-cluster/Transaction-Service:policyName/forrester-ecs-cpu-autoscaling",
            "id": "forrester-ecs-cpu-autoscaling",
            "name": "forrester-ecs-cpu-autoscaling",
            "policy_type": "TargetTrackingScaling",
            "resource_id": "service/forrester-ecs-cluster/Transaction-Service",
            "scalable_dimension": "ecs:service:DesiredCount",
            "service_namespace": "ecs",
            "step_scaling_policy_configuration": [],
            "target_tracking_scaling_policy_configuration": [
              {
                "customized_metric_specification": [],
                "disable_scale_in": false,
                "predefined_metric_specification": [
                  {
                    "predefined_metric_type": "ECSServiceAverageCPUUtilization",
                    "resource_label": ""
                  }
                ],
                "scale_in_cooldown": 0,
                "scale_out_cooldown": 0,
                "target_value": 75
              }
            ]
          },
          "sensitive_attributes": [],
          "private": "bnVsbA==",
          "dependencies": [
            "module.ecs.aws_appautoscaling_target.service_autoscaling",
            "module.ecs.aws_ecs_cluster.ecs_cluster",
            "module.ecs.aws_ecs_service.private_service",
            "module.ecs.aws_ecs_task_definition.ecs_task_definition",
            "module.ecs.aws_security_group.service_security_group",
            "module.ecs.aws_security_group.webapp_security_group",
            "module.iam.aws_iam_role.ecs_task_execution_role",
            "module.iam.data.aws_iam_policy_document.assume_role_policy",
            "module.internal-alb.aws_alb_target_group.alb_target_group",
            "module.internal_alb_security_group.aws_security_group.security_group",
            "module.public-alb.aws_alb_target_group.alb_target_group",
            "module.public_alb_security_group.aws_security_group.security_group",
            "module.vpc.aws_subnet.private_subnet",
            "module.vpc.aws_subnet.public_subnet",
            "module.vpc.aws_vpc.vpc"
          ]
        },
        {
          "index_key": "WebApp",
          "schema_version": 0,
          "attributes": {
            "arn": "arn:aws:autoscaling:us-east-1:131578276461:scalingPolicy:89882a9e-7bec-46e5-87d7-4e3a6b028d78:resource/ecs/service/forrester-ecs-cluster/WebApp-Service:policyName/forrester-ecs-cpu-autoscaling",
            "id": "forrester-ecs-cpu-autoscaling",
            "name": "forrester-ecs-cpu-autoscaling",
            "policy_type": "TargetTrackingScaling",
            "resource_id": "service/forrester-ecs-cluster/WebApp-Service",
            "scalable_dimension": "ecs:service:DesiredCount",
            "service_namespace": "ecs",
            "step_scaling_policy_configuration": [],
            "target_tracking_scaling_policy_configuration": [
              {
                "customized_metric_specification": [],
                "disable_scale_in": false,
                "predefined_metric_specification": [
                  {
                    "predefined_metric_type": "ECSServiceAverageCPUUtilization",
                    "resource_label": ""
                  }
                ],
                "scale_in_cooldown": 0,
                "scale_out_cooldown": 0,
                "target_value": 75
              }
            ]
          },
          "sensitive_attributes": [],
          "private": "bnVsbA==",
          "dependencies": [
            "module.ecs.aws_appautoscaling_target.service_autoscaling",
            "module.ecs.aws_ecs_cluster.ecs_cluster",
            "module.ecs.aws_ecs_service.private_service",
            "module.ecs.aws_ecs_task_definition.ecs_task_definition",
            "module.ecs.aws_security_group.service_security_group",
            "module.ecs.aws_security_group.webapp_security_group",
            "module.iam.aws_iam_role.ecs_task_execution_role",
            "module.iam.data.aws_iam_policy_document.assume_role_policy",
            "module.internal-alb.aws_alb_target_group.alb_target_group",
            "module.internal_alb_security_group.aws_security_group.security_group",
            "module.public-alb.aws_alb_target_group.alb_target_group",
            "module.public_alb_security_group.aws_security_group.security_group",
            "module.vpc.aws_subnet.private_subnet",
            "module.vpc.aws_subnet.public_subnet",
            "module.vpc.aws_vpc.vpc"
          ]
        }
      ]
    },
    {
      "module": "module.ecs",
      "mode": "managed",
      "type": "aws_appautoscaling_policy",
      "name": "ecs_policy_memory",
      "provider": "provider[\"registry.terraform.io/hashicorp/aws\"]",
      "instances": [
        {
          "index_key": "Customer",
          "schema_version": 0,
          "attributes": {
            "arn": "arn:aws:autoscaling:us-east-1:131578276461:scalingPolicy:fb60afc4-b25e-4fad-b419-974f6448828c:resource/ecs/service/forrester-ecs-cluster/Customer-Service:policyName/forrester-ecs-memory-autoscaling",
            "id": "forrester-ecs-memory-autoscaling",
            "name": "forrester-ecs-memory-autoscaling",
            "policy_type": "TargetTrackingScaling",
            "resource_id": "service/forrester-ecs-cluster/Customer-Service",
            "scalable_dimension": "ecs:service:DesiredCount",
            "service_namespace": "ecs",
            "step_scaling_policy_configuration": [],
            "target_tracking_scaling_policy_configuration": [
              {
                "customized_metric_specification": [],
                "disable_scale_in": false,
                "predefined_metric_specification": [
                  {
                    "predefined_metric_type": "ECSServiceAverageMemoryUtilization",
                    "resource_label": ""
                  }
                ],
                "scale_in_cooldown": 0,
                "scale_out_cooldown": 0,
                "target_value": 75
              }
            ]
          },
          "sensitive_attributes": [],
          "private": "bnVsbA==",
          "dependencies": [
            "module.ecs.aws_appautoscaling_target.service_autoscaling",
            "module.ecs.aws_ecs_cluster.ecs_cluster",
            "module.ecs.aws_ecs_service.private_service",
            "module.ecs.aws_ecs_task_definition.ecs_task_definition",
            "module.ecs.aws_security_group.service_security_group",
            "module.ecs.aws_security_group.webapp_security_group",
            "module.iam.aws_iam_role.ecs_task_execution_role",
            "module.iam.data.aws_iam_policy_document.assume_role_policy",
            "module.internal-alb.aws_alb_target_group.alb_target_group",
            "module.internal_alb_security_group.aws_security_group.security_group",
            "module.public-alb.aws_alb_target_group.alb_target_group",
            "module.public_alb_security_group.aws_security_group.security_group",
            "module.vpc.aws_subnet.private_subnet",
            "module.vpc.aws_subnet.public_subnet",
            "module.vpc.aws_vpc.vpc"
          ]
        },
        {
          "index_key": "Transaction",
          "schema_version": 0,
          "attributes": {
            "arn": "arn:aws:autoscaling:us-east-1:131578276461:scalingPolicy:762c05b3-0be1-4727-ab8a-1c60691384e8:resource/ecs/service/forrester-ecs-cluster/Transaction-Service:policyName/forrester-ecs-memory-autoscaling",
            "id": "forrester-ecs-memory-autoscaling",
            "name": "forrester-ecs-memory-autoscaling",
            "policy_type": "TargetTrackingScaling",
            "resource_id": "service/forrester-ecs-cluster/Transaction-Service",
            "scalable_dimension": "ecs:service:DesiredCount",
            "service_namespace": "ecs",
            "step_scaling_policy_configuration": [],
            "target_tracking_scaling_policy_configuration": [
              {
                "customized_metric_specification": [],
                "disable_scale_in": false,
                "predefined_metric_specification": [
                  {
                    "predefined_metric_type": "ECSServiceAverageMemoryUtilization",
                    "resource_label": ""
                  }
                ],
                "scale_in_cooldown": 0,
                "scale_out_cooldown": 0,
                "target_value": 75
              }
            ]
          },
          "sensitive_attributes": [],
          "private": "bnVsbA==",
          "dependencies": [
            "module.ecs.aws_appautoscaling_target.service_autoscaling",
            "module.ecs.aws_ecs_cluster.ecs_cluster",
            "module.ecs.aws_ecs_service.private_service",
            "module.ecs.aws_ecs_task_definition.ecs_task_definition",
            "module.ecs.aws_security_group.service_security_group",
            "module.ecs.aws_security_group.webapp_security_group",
            "module.iam.aws_iam_role.ecs_task_execution_role",
            "module.iam.data.aws_iam_policy_document.assume_role_policy",
            "module.internal-alb.aws_alb_target_group.alb_target_group",
            "module.internal_alb_security_group.aws_security_group.security_group",
            "module.public-alb.aws_alb_target_group.alb_target_group",
            "module.public_alb_security_group.aws_security_group.security_group",
            "module.vpc.aws_subnet.private_subnet",
            "module.vpc.aws_subnet.public_subnet",
            "module.vpc.aws_vpc.vpc"
          ]
        },
        {
          "index_key": "WebApp",
          "schema_version": 0,
          "attributes": {
            "arn": "arn:aws:autoscaling:us-east-1:131578276461:scalingPolicy:89882a9e-7bec-46e5-87d7-4e3a6b028d78:resource/ecs/service/forrester-ecs-cluster/WebApp-Service:policyName/forrester-ecs-memory-autoscaling",
            "id": "forrester-ecs-memory-autoscaling",
            "name": "forrester-ecs-memory-autoscaling",
            "policy_type": "TargetTrackingScaling",
            "resource_id": "service/forrester-ecs-cluster/WebApp-Service",
            "scalable_dimension": "ecs:service:DesiredCount",
            "service_namespace": "ecs",
            "step_scaling_policy_configuration": [],
            "target_tracking_scaling_policy_configuration": [
              {
                "customized_metric_specification": [],
                "disable_scale_in": false,
                "predefined_metric_specification": [
                  {
                    "predefined_metric_type": "ECSServiceAverageMemoryUtilization",
                    "resource_label": ""
                  }
                ],
                "scale_in_cooldown": 0,
                "scale_out_cooldown": 0,
                "target_value": 75
              }
            ]
          },
          "sensitive_attributes": [],
          "private": "bnVsbA==",
          "dependencies": [
            "module.ecs.aws_appautoscaling_target.service_autoscaling",
            "module.ecs.aws_ecs_cluster.ecs_cluster",
            "module.ecs.aws_ecs_service.private_service",
            "module.ecs.aws_ecs_task_definition.ecs_task_definition",
            "module.ecs.aws_security_group.service_security_group",
            "module.ecs.aws_security_group.webapp_security_group",
            "module.iam.aws_iam_role.ecs_task_execution_role",
            "module.iam.data.aws_iam_policy_document.assume_role_policy",
            "module.internal-alb.aws_alb_target_group.alb_target_group",
            "module.internal_alb_security_group.aws_security_group.security_group",
            "module.public-alb.aws_alb_target_group.alb_target_group",
            "module.public_alb_security_group.aws_security_group.security_group",
            "module.vpc.aws_subnet.private_subnet",
            "module.vpc.aws_subnet.public_subnet",
            "module.vpc.aws_vpc.vpc"
          ]
        }
      ]
    },
    {
      "module": "module.ecs",
      "mode": "managed",
      "type": "aws_appautoscaling_target",
      "name": "service_autoscaling",
      "provider": "provider[\"registry.terraform.io/hashicorp/aws\"]",
      "instances": [
        {
          "index_key": "Customer",
          "schema_version": 0,
          "attributes": {
            "id": "service/forrester-ecs-cluster/Customer-Service",
            "max_capacity": 2,
            "min_capacity": 1,
            "resource_id": "service/forrester-ecs-cluster/Customer-Service",
            "role_arn": "arn:aws:iam::131578276461:role/aws-service-role/ecs.application-autoscaling.amazonaws.com/AWSServiceRoleForApplicationAutoScaling_ECSService",
            "scalable_dimension": "ecs:service:DesiredCount",
            "service_namespace": "ecs"
          },
          "sensitive_attributes": [],
          "private": "bnVsbA==",
          "dependencies": [
            "module.ecs.aws_ecs_cluster.ecs_cluster",
            "module.ecs.aws_ecs_service.private_service",
            "module.ecs.aws_ecs_task_definition.ecs_task_definition",
            "module.ecs.aws_security_group.service_security_group",
            "module.ecs.aws_security_group.webapp_security_group",
            "module.iam.aws_iam_role.ecs_task_execution_role",
            "module.iam.data.aws_iam_policy_document.assume_role_policy",
            "module.internal-alb.aws_alb_target_group.alb_target_group",
            "module.internal_alb_security_group.aws_security_group.security_group",
            "module.public-alb.aws_alb_target_group.alb_target_group",
            "module.public_alb_security_group.aws_security_group.security_group",
            "module.vpc.aws_subnet.private_subnet",
            "module.vpc.aws_subnet.public_subnet",
            "module.vpc.aws_vpc.vpc"
          ]
        },
        {
          "index_key": "Transaction",
          "schema_version": 0,
          "attributes": {
            "id": "service/forrester-ecs-cluster/Transaction-Service",
            "max_capacity": 2,
            "min_capacity": 1,
            "resource_id": "service/forrester-ecs-cluster/Transaction-Service",
            "role_arn": "arn:aws:iam::131578276461:role/aws-service-role/ecs.application-autoscaling.amazonaws.com/AWSServiceRoleForApplicationAutoScaling_ECSService",
            "scalable_dimension": "ecs:service:DesiredCount",
            "service_namespace": "ecs"
          },
          "sensitive_attributes": [],
          "private": "bnVsbA==",
          "dependencies": [
            "module.ecs.aws_ecs_cluster.ecs_cluster",
            "module.ecs.aws_ecs_service.private_service",
            "module.ecs.aws_ecs_task_definition.ecs_task_definition",
            "module.ecs.aws_security_group.service_security_group",
            "module.ecs.aws_security_group.webapp_security_group",
            "module.iam.aws_iam_role.ecs_task_execution_role",
            "module.iam.data.aws_iam_policy_document.assume_role_policy",
            "module.internal-alb.aws_alb_target_group.alb_target_group",
            "module.internal_alb_security_group.aws_security_group.security_group",
            "module.public-alb.aws_alb_target_group.alb_target_group",
            "module.public_alb_security_group.aws_security_group.security_group",
            "module.vpc.aws_subnet.private_subnet",
            "module.vpc.aws_subnet.public_subnet",
            "module.vpc.aws_vpc.vpc"
          ]
        },
        {
          "index_key": "WebApp",
          "schema_version": 0,
          "attributes": {
            "id": "service/forrester-ecs-cluster/WebApp-Service",
            "max_capacity": 2,
            "min_capacity": 2,
            "resource_id": "service/forrester-ecs-cluster/WebApp-Service",
            "role_arn": "arn:aws:iam::131578276461:role/aws-service-role/ecs.application-autoscaling.amazonaws.com/AWSServiceRoleForApplicationAutoScaling_ECSService",
            "scalable_dimension": "ecs:service:DesiredCount",
            "service_namespace": "ecs"
          },
          "sensitive_attributes": [],
          "private": "bnVsbA==",
          "dependencies": [
            "module.ecs.aws_ecs_cluster.ecs_cluster",
            "module.ecs.aws_ecs_service.private_service",
            "module.ecs.aws_ecs_task_definition.ecs_task_definition",
            "module.ecs.aws_security_group.service_security_group",
            "module.ecs.aws_security_group.webapp_security_group",
            "module.iam.aws_iam_role.ecs_task_execution_role",
            "module.iam.data.aws_iam_policy_document.assume_role_policy",
            "module.internal-alb.aws_alb_target_group.alb_target_group",
            "module.internal_alb_security_group.aws_security_group.security_group",
            "module.public-alb.aws_alb_target_group.alb_target_group",
            "module.public_alb_security_group.aws_security_group.security_group",
            "module.vpc.aws_subnet.private_subnet",
            "module.vpc.aws_subnet.public_subnet",
            "module.vpc.aws_vpc.vpc"
          ]
        }
      ]
    },
    {
      "module": "module.ecs",
      "mode": "managed",
      "type": "aws_cloudwatch_log_group",
      "name": "ecs_cw_log_group",
      "provider": "provider[\"registry.terraform.io/hashicorp/aws\"]",
      "instances": [
        {
          "index_key": "customer",
          "schema_version": 0,
          "attributes": {
            "arn": "arn:aws:logs:us-east-1:131578276461:log-group:customer-logs",
            "id": "customer-logs",
            "kms_key_id": "",
            "name": "customer-logs",
            "name_prefix": null,
            "retention_in_days": 0,
            "tags": {},
            "tags_all": {}
          },
          "sensitive_attributes": [],
          "private": "bnVsbA=="
        },
        {
          "index_key": "transaction",
          "schema_version": 0,
          "attributes": {
            "arn": "arn:aws:logs:us-east-1:131578276461:log-group:transaction-logs",
            "id": "transaction-logs",
            "kms_key_id": "",
            "name": "transaction-logs",
            "name_prefix": null,
            "retention_in_days": 0,
            "tags": {},
            "tags_all": {}
          },
          "sensitive_attributes": [],
          "private": "bnVsbA=="
        },
        {
          "index_key": "webapp",
          "schema_version": 0,
          "attributes": {
            "arn": "arn:aws:logs:us-east-1:131578276461:log-group:webapp-logs",
            "id": "webapp-logs",
            "kms_key_id": "",
            "name": "webapp-logs",
            "name_prefix": null,
            "retention_in_days": 0,
            "tags": {},
            "tags_all": {}
          },
          "sensitive_attributes": [],
          "private": "bnVsbA=="
        }
      ]
    },
    {
      "module": "module.ecs",
      "mode": "managed",
      "type": "aws_ecs_cluster",
      "name": "ecs_cluster",
      "provider": "provider[\"registry.terraform.io/hashicorp/aws\"]",
      "instances": [
        {
          "schema_version": 0,
          "attributes": {
            "arn": "arn:aws:ecs:us-east-1:131578276461:cluster/forrester-ecs-cluster",
            "capacity_providers": [],
            "configuration": [],
            "default_capacity_provider_strategy": [],
            "id": "arn:aws:ecs:us-east-1:131578276461:cluster/forrester-ecs-cluster",
            "name": "forrester-ecs-cluster",
            "setting": [
              {
                "name": "containerInsights",
                "value": "disabled"
              }
            ],
            "tags": {},
            "tags_all": {}
          },
          "sensitive_attributes": [],
          "private": "bnVsbA=="
        }
      ]
    },
    {
      "module": "module.ecs",
      "mode": "managed",
      "type": "aws_ecs_service",
      "name": "private_service",
      "provider": "provider[\"registry.terraform.io/hashicorp/aws\"]",
      "instances": [
        {
          "index_key": "Customer",
          "schema_version": 0,
          "attributes": {
            "capacity_provider_strategy": [],
            "cluster": "arn:aws:ecs:us-east-1:131578276461:cluster/forrester-ecs-cluster",
            "deployment_circuit_breaker": [
              {
                "enable": false,
                "rollback": false
              }
            ],
            "deployment_controller": [
              {
                "type": "ECS"
              }
            ],
            "deployment_maximum_percent": 200,
            "deployment_minimum_healthy_percent": 100,
            "desired_count": 1,
            "enable_ecs_managed_tags": false,
            "enable_execute_command": false,
            "force_new_deployment": null,
            "health_check_grace_period_seconds": 0,
            "iam_role": "aws-service-role",
            "id": "arn:aws:ecs:us-east-1:131578276461:service/forrester-ecs-cluster/Customer-Service",
            "launch_type": "FARGATE",
            "load_balancer": [
              {
                "container_name": "Customer",
                "container_port": 3000,
                "elb_name": "",
                "target_group_arn": "arn:aws:elasticloadbalancing:us-east-1:131578276461:targetgroup/customer-tg/bca6fd43b8314182"
              }
            ],
            "name": "Customer-Service",
            "network_configuration": [
              {
                "assign_public_ip": false,
                "security_groups": [
                  "sg-0ed7f1f25a46b3571"
                ],
                "subnets": [
                  "subnet-00727c1f558485c50",
                  "subnet-0765c6e6ff75a5cc7",
                  "subnet-07bc9513f968366ad"
                ]
              }
            ],
            "ordered_placement_strategy": [],
            "placement_constraints": [],
            "platform_version": "LATEST",
            "propagate_tags": "NONE",
            "scheduling_strategy": "REPLICA",
            "service_registries": [],
            "tags": {},
            "tags_all": {},
            "task_definition": "arn:aws:ecs:us-east-1:131578276461:task-definition/forrester-ecs-Customer:10",
            "timeouts": null,
            "wait_for_steady_state": false
          },
          "sensitive_attributes": [],
          "private": "eyJlMmJmYjczMC1lY2FhLTExZTYtOGY4OC0zNDM2M2JjN2M0YzAiOnsiZGVsZXRlIjoxMjAwMDAwMDAwMDAwfX0=",
          "dependencies": [
            "module.ecs.aws_ecs_cluster.ecs_cluster",
            "module.ecs.aws_ecs_task_definition.ecs_task_definition",
            "module.ecs.aws_security_group.service_security_group",
            "module.ecs.aws_security_group.webapp_security_group",
            "module.iam.aws_iam_role.ecs_task_execution_role",
            "module.iam.data.aws_iam_policy_document.assume_role_policy",
            "module.internal-alb.aws_alb_target_group.alb_target_group",
            "module.internal_alb_security_group.aws_security_group.security_group",
            "module.public-alb.aws_alb_target_group.alb_target_group",
            "module.public_alb_security_group.aws_security_group.security_group",
            "module.vpc.aws_subnet.private_subnet",
            "module.vpc.aws_subnet.public_subnet",
            "module.vpc.aws_vpc.vpc"
          ]
        },
        {
          "index_key": "Transaction",
          "schema_version": 0,
          "attributes": {
            "capacity_provider_strategy": [],
            "cluster": "arn:aws:ecs:us-east-1:131578276461:cluster/forrester-ecs-cluster",
            "deployment_circuit_breaker": [
              {
                "enable": false,
                "rollback": false
              }
            ],
            "deployment_controller": [
              {
                "type": "ECS"
              }
            ],
            "deployment_maximum_percent": 200,
            "deployment_minimum_healthy_percent": 100,
            "desired_count": 1,
            "enable_ecs_managed_tags": false,
            "enable_execute_command": false,
            "force_new_deployment": null,
            "health_check_grace_period_seconds": 0,
            "iam_role": "aws-service-role",
            "id": "arn:aws:ecs:us-east-1:131578276461:service/forrester-ecs-cluster/Transaction-Service",
            "launch_type": "FARGATE",
            "load_balancer": [
              {
                "container_name": "Transaction",
                "container_port": 3000,
                "elb_name": "",
                "target_group_arn": "arn:aws:elasticloadbalancing:us-east-1:131578276461:targetgroup/transaction-tg/c636a4ec239419c8"
              }
            ],
            "name": "Transaction-Service",
            "network_configuration": [
              {
                "assign_public_ip": false,
                "security_groups": [
                  "sg-0ed7f1f25a46b3571"
                ],
                "subnets": [
                  "subnet-00727c1f558485c50",
                  "subnet-0765c6e6ff75a5cc7",
                  "subnet-07bc9513f968366ad"
                ]
              }
            ],
            "ordered_placement_strategy": [],
            "placement_constraints": [],
            "platform_version": "LATEST",
            "propagate_tags": "NONE",
            "scheduling_strategy": "REPLICA",
            "service_registries": [],
            "tags": {},
            "tags_all": {},
            "task_definition": "arn:aws:ecs:us-east-1:131578276461:task-definition/forrester-ecs-Transaction:14",
            "timeouts": null,
            "wait_for_steady_state": false
          },
          "sensitive_attributes": [],
          "private": "eyJlMmJmYjczMC1lY2FhLTExZTYtOGY4OC0zNDM2M2JjN2M0YzAiOnsiZGVsZXRlIjoxMjAwMDAwMDAwMDAwfX0=",
          "dependencies": [
            "module.ecs.aws_ecs_cluster.ecs_cluster",
            "module.ecs.aws_ecs_task_definition.ecs_task_definition",
            "module.ecs.aws_security_group.service_security_group",
            "module.ecs.aws_security_group.webapp_security_group",
            "module.iam.aws_iam_role.ecs_task_execution_role",
            "module.internal-alb.aws_alb_target_group.alb_target_group",
            "module.public-alb.aws_alb_target_group.alb_target_group",
            "module.vpc.aws_subnet.private_subnet",
            "module.vpc.aws_subnet.public_subnet"
          ]
        },
        {
          "index_key": "WebApp",
          "schema_version": 0,
          "attributes": {
            "capacity_provider_strategy": [],
            "cluster": "arn:aws:ecs:us-east-1:131578276461:cluster/forrester-ecs-cluster",
            "deployment_circuit_breaker": [
              {
                "enable": false,
                "rollback": false
              }
            ],
            "deployment_controller": [
              {
                "type": "ECS"
              }
            ],
            "deployment_maximum_percent": 200,
            "deployment_minimum_healthy_percent": 100,
            "desired_count": 2,
            "enable_ecs_managed_tags": false,
            "enable_execute_command": false,
            "force_new_deployment": null,
            "health_check_grace_period_seconds": 0,
            "iam_role": "aws-service-role",
            "id": "arn:aws:ecs:us-east-1:131578276461:service/forrester-ecs-cluster/WebApp-Service",
            "launch_type": "FARGATE",
            "load_balancer": [
              {
                "container_name": "WebApp",
                "container_port": 80,
                "elb_name": "",
                "target_group_arn": "arn:aws:elasticloadbalancing:us-east-1:131578276461:targetgroup/webapp-tg/cbfb4fc9d8545032"
              }
            ],
            "name": "WebApp-Service",
            "network_configuration": [
              {
                "assign_public_ip": true,
                "security_groups": [
                  "sg-0e33c91ae44aa2eb9"
                ],
                "subnets": [
                  "subnet-0150c1577c7191735",
                  "subnet-0505ec34fa35d5c59",
                  "subnet-0ee294d11d6352c06"
                ]
              }
            ],
            "ordered_placement_strategy": [],
            "placement_constraints": [],
            "platform_version": "LATEST",
            "propagate_tags": "NONE",
            "scheduling_strategy": "REPLICA",
            "service_registries": [],
            "tags": {},
            "tags_all": {},
            "task_definition": "arn:aws:ecs:us-east-1:131578276461:task-definition/forrester-ecs-WebApp:15",
            "timeouts": null,
            "wait_for_steady_state": false
          },
          "sensitive_attributes": [],
          "private": "eyJlMmJmYjczMC1lY2FhLTExZTYtOGY4OC0zNDM2M2JjN2M0YzAiOnsiZGVsZXRlIjoxMjAwMDAwMDAwMDAwfX0=",
          "dependencies": [
            "module.ecs.aws_ecs_cluster.ecs_cluster",
            "module.ecs.aws_ecs_task_definition.ecs_task_definition",
            "module.ecs.aws_security_group.service_security_group",
            "module.ecs.aws_security_group.webapp_security_group",
            "module.iam.aws_iam_role.ecs_task_execution_role",
            "module.iam.data.aws_iam_policy_document.assume_role_policy",
            "module.internal-alb.aws_alb_target_group.alb_target_group",
            "module.internal_alb_security_group.aws_security_group.security_group",
            "module.public-alb.aws_alb_target_group.alb_target_group",
            "module.public_alb_security_group.aws_security_group.security_group",
            "module.vpc.aws_subnet.private_subnet",
            "module.vpc.aws_subnet.public_subnet",
            "module.vpc.aws_vpc.vpc"
          ]
        }
      ]
    },
    {
      "module": "module.ecs",
      "mode": "managed",
      "type": "aws_ecs_task_definition",
      "name": "ecs_task_definition",
      "provider": "provider[\"registry.terraform.io/hashicorp/aws\"]",
      "instances": [
        {
          "index_key": "Customer",
          "schema_version": 1,
          "attributes": {
            "arn": "arn:aws:ecs:us-east-1:131578276461:task-definition/forrester-ecs-Customer:10",
            "container_definitions": "[{\"cpu\":256,\"environment\":[],\"essential\":true,\"image\":\"sconnolly1886/custserv:v3\",\"logConfiguration\":{\"logDriver\":\"awslogs\",\"options\":{\"awslogs-group\":\"customer-logs\",\"awslogs-region\":\"us-east-1\",\"awslogs-stream-prefix\":\"forrester-ecs\"}},\"memory\":512,\"mountPoints\":[],\"name\":\"Customer\",\"portMappings\":[{\"containerPort\":3000,\"hostPort\":3000,\"protocol\":\"tcp\"}],\"volumesFrom\":[]}]",
            "cpu": "256",
            "ephemeral_storage": [],
            "execution_role_arn": "arn:aws:iam::131578276461:role/forrester-ecs-ecs-task-execution-role",
            "family": "forrester-ecs-Customer",
            "id": "forrester-ecs-Customer",
            "inference_accelerator": [],
            "ipc_mode": "",
            "memory": "512",
            "network_mode": "awsvpc",
            "pid_mode": "",
            "placement_constraints": [],
            "proxy_configuration": [],
            "requires_compatibilities": [
              "FARGATE"
            ],
            "revision": 10,
            "runtime_platform": [],
            "skip_destroy": false,
            "tags": {},
            "tags_all": {},
            "task_role_arn": "",
            "volume": []
          },
          "sensitive_attributes": [],
          "private": "eyJzY2hlbWFfdmVyc2lvbiI6IjEifQ==",
          "dependencies": [
            "module.iam.aws_iam_role.ecs_task_execution_role",
            "module.iam.data.aws_iam_policy_document.assume_role_policy"
          ]
        },
        {
          "index_key": "Transaction",
          "schema_version": 1,
          "attributes": {
            "arn": "arn:aws:ecs:us-east-1:131578276461:task-definition/forrester-ecs-Transaction:14",
            "container_definitions": "[{\"cpu\":256,\"environment\":[],\"essential\":true,\"image\":\"sconnolly1886/transaction:v2\",\"logConfiguration\":{\"logDriver\":\"awslogs\",\"options\":{\"awslogs-group\":\"transaction-logs\",\"awslogs-region\":\"us-east-1\",\"awslogs-stream-prefix\":\"forrester-ecs\"}},\"memory\":512,\"mountPoints\":[],\"name\":\"Transaction\",\"portMappings\":[{\"containerPort\":3000,\"hostPort\":3000,\"protocol\":\"tcp\"}],\"volumesFrom\":[]}]",
            "cpu": "256",
            "ephemeral_storage": [],
            "execution_role_arn": "arn:aws:iam::131578276461:role/forrester-ecs-ecs-task-execution-role",
            "family": "forrester-ecs-Transaction",
            "id": "forrester-ecs-Transaction",
            "inference_accelerator": [],
            "ipc_mode": "",
            "memory": "512",
            "network_mode": "awsvpc",
            "pid_mode": "",
            "placement_constraints": [],
            "proxy_configuration": [],
            "requires_compatibilities": [
              "FARGATE"
            ],
            "revision": 14,
            "runtime_platform": [],
            "skip_destroy": false,
            "tags": null,
            "tags_all": {},
            "task_role_arn": "",
            "volume": []
          },
          "sensitive_attributes": [],
          "private": "eyJzY2hlbWFfdmVyc2lvbiI6IjEifQ==",
          "dependencies": [
            "module.iam.aws_iam_role.ecs_task_execution_role"
          ]
        },
        {
          "index_key": "WebApp",
          "schema_version": 1,
          "attributes": {
            "arn": "arn:aws:ecs:us-east-1:131578276461:task-definition/forrester-ecs-WebApp:15",
            "container_definitions": "[{\"cpu\":256,\"environment\":[],\"essential\":true,\"image\":\"sconnolly1886/frontend:v1\",\"logConfiguration\":{\"logDriver\":\"awslogs\",\"options\":{\"awslogs-group\":\"webapp-logs\",\"awslogs-region\":\"us-east-1\",\"awslogs-stream-prefix\":\"forrester-ecs\"}},\"memory\":512,\"mountPoints\":[],\"name\":\"WebApp\",\"portMappings\":[{\"containerPort\":80,\"hostPort\":80,\"protocol\":\"tcp\"}],\"volumesFrom\":[]}]",
            "cpu": "256",
            "ephemeral_storage": [],
            "execution_role_arn": "arn:aws:iam::131578276461:role/forrester-ecs-ecs-task-execution-role",
            "family": "forrester-ecs-WebApp",
            "id": "forrester-ecs-WebApp",
            "inference_accelerator": [],
            "ipc_mode": "",
            "memory": "512",
            "network_mode": "awsvpc",
            "pid_mode": "",
            "placement_constraints": [],
            "proxy_configuration": [],
            "requires_compatibilities": [
              "FARGATE"
            ],
            "revision": 15,
            "runtime_platform": [],
            "skip_destroy": false,
            "tags": {},
            "tags_all": {},
            "task_role_arn": "",
            "volume": []
          },
          "sensitive_attributes": [],
          "private": "eyJzY2hlbWFfdmVyc2lvbiI6IjEifQ==",
          "dependencies": [
            "module.iam.aws_iam_role.ecs_task_execution_role",
            "module.iam.data.aws_iam_policy_document.assume_role_policy"
          ]
        }
      ]
    },
    {
      "module": "module.ecs",
      "mode": "managed",
      "type": "aws_security_group",
      "name": "service_security_group",
      "provider": "provider[\"registry.terraform.io/hashicorp/aws\"]",
      "instances": [
        {
          "schema_version": 1,
          "attributes": {
            "arn": "arn:aws:ec2:us-east-1:131578276461:security-group/sg-0ed7f1f25a46b3571",
            "description": "Managed by Terraform",
            "egress": [
              {
                "cidr_blocks": [
                  "0.0.0.0/0"
                ],
                "description": "",
                "from_port": 0,
                "ipv6_cidr_blocks": [],
                "prefix_list_ids": [],
                "protocol": "-1",
                "security_groups": [],
                "self": false,
                "to_port": 0
              }
            ],
            "id": "sg-0ed7f1f25a46b3571",
            "ingress": [
              {
                "cidr_blocks": [],
                "description": "",
                "from_port": 0,
                "ipv6_cidr_blocks": [],
                "prefix_list_ids": [],
                "protocol": "-1",
                "security_groups": [
                  "sg-05c2d0daa89c88752"
                ],
                "self": false,
                "to_port": 0
              }
            ],
            "name": "terraform-20220704203642983900000003",
            "name_prefix": "terraform-",
            "owner_id": "131578276461",
            "revoke_rules_on_delete": false,
            "tags": {},
            "tags_all": {},
            "timeouts": null,
            "vpc_id": "vpc-075b60444356a8a9b"
          },
          "sensitive_attributes": [],
          "private": "eyJlMmJmYjczMC1lY2FhLTExZTYtOGY4OC0zNDM2M2JjN2M0YzAiOnsiY3JlYXRlIjo2MDAwMDAwMDAwMDAsImRlbGV0ZSI6OTAwMDAwMDAwMDAwfSwic2NoZW1hX3ZlcnNpb24iOiIxIn0=",
          "dependencies": [
            "module.internal_alb_security_group.aws_security_group.security_group",
            "module.vpc.aws_vpc.vpc"
          ]
        }
      ]
    },
    {
      "module": "module.ecs",
      "mode": "managed",
      "type": "aws_security_group",
      "name": "webapp_security_group",
      "provider": "provider[\"registry.terraform.io/hashicorp/aws\"]",
      "instances": [
        {
          "schema_version": 1,
          "attributes": {
            "arn": "arn:aws:ec2:us-east-1:131578276461:security-group/sg-0e33c91ae44aa2eb9",
            "description": "Managed by Terraform",
            "egress": [
              {
                "cidr_blocks": [
                  "0.0.0.0/0"
                ],
                "description": "",
                "from_port": 0,
                "ipv6_cidr_blocks": [],
                "prefix_list_ids": [],
                "protocol": "-1",
                "security_groups": [],
                "self": false,
                "to_port": 0
              }
            ],
            "id": "sg-0e33c91ae44aa2eb9",
            "ingress": [
              {
                "cidr_blocks": [],
                "description": "",
                "from_port": 0,
                "ipv6_cidr_blocks": [],
                "prefix_list_ids": [],
                "protocol": "-1",
                "security_groups": [
                  "sg-098f70503709547ae"
                ],
                "self": false,
                "to_port": 0
              }
            ],
            "name": "terraform-20220704203643307900000004",
            "name_prefix": "terraform-",
            "owner_id": "131578276461",
            "revoke_rules_on_delete": false,
            "tags": {},
            "tags_all": {},
            "timeouts": null,
            "vpc_id": "vpc-075b60444356a8a9b"
          },
          "sensitive_attributes": [],
          "private": "eyJlMmJmYjczMC1lY2FhLTExZTYtOGY4OC0zNDM2M2JjN2M0YzAiOnsiY3JlYXRlIjo2MDAwMDAwMDAwMDAsImRlbGV0ZSI6OTAwMDAwMDAwMDAwfSwic2NoZW1hX3ZlcnNpb24iOiIxIn0=",
          "dependencies": [
            "module.public_alb_security_group.aws_security_group.security_group",
            "module.vpc.aws_vpc.vpc"
          ]
        }
      ]
    },
    {
      "module": "module.iam",
      "mode": "data",
      "type": "aws_iam_policy_document",
      "name": "assume_role_policy",
      "provider": "provider[\"registry.terraform.io/hashicorp/aws\"]",
      "instances": [
        {
          "schema_version": 0,
          "attributes": {
            "id": "320642683",
            "json": "{\n  \"Version\": \"2012-10-17\",\n  \"Statement\": [\n    {\n      \"Sid\": \"\",\n      \"Effect\": \"Allow\",\n      \"Action\": \"sts:AssumeRole\",\n      \"Principal\": {\n        \"Service\": \"ecs-tasks.amazonaws.com\"\n      }\n    }\n  ]\n}",
            "override_json": null,
            "override_policy_documents": null,
            "policy_id": null,
            "source_json": null,
            "source_policy_documents": null,
            "statement": [
              {
                "actions": [
                  "sts:AssumeRole"
                ],
                "condition": [],
                "effect": "Allow",
                "not_actions": [],
                "not_principals": [],
                "not_resources": [],
                "principals": [
                  {
                    "identifiers": [
                      "ecs-tasks.amazonaws.com"
                    ],
                    "type": "Service"
                  }
                ],
                "resources": [],
                "sid": ""
              }
            ],
            "version": "2012-10-17"
          },
          "sensitive_attributes": []
        }
      ]
    },
    {
      "module": "module.iam",
      "mode": "managed",
      "type": "aws_iam_role",
      "name": "ecs_task_execution_role",
      "provider": "provider[\"registry.terraform.io/hashicorp/aws\"]",
      "instances": [
        {
          "schema_version": 0,
          "attributes": {
            "arn": "arn:aws:iam::131578276461:role/forrester-ecs-ecs-task-execution-role",
            "assume_role_policy": "{\"Version\":\"2012-10-17\",\"Statement\":[{\"Sid\":\"\",\"Effect\":\"Allow\",\"Principal\":{\"Service\":\"ecs-tasks.amazonaws.com\"},\"Action\":\"sts:AssumeRole\"}]}",
            "create_date": "2022-07-04T20:36:26Z",
            "description": "",
            "force_detach_policies": false,
            "id": "forrester-ecs-ecs-task-execution-role",
            "inline_policy": [
              {
                "name": "",
                "policy": ""
              }
            ],
            "managed_policy_arns": [
              "arn:aws:iam::aws:policy/service-role/AmazonEC2ContainerServiceforEC2Role"
            ],
            "max_session_duration": 3600,
            "name": "forrester-ecs-ecs-task-execution-role",
            "name_prefix": "",
            "path": "/",
            "permissions_boundary": null,
            "tags": {},
            "tags_all": {},
            "unique_id": "AROAR5IVNFJWSXATCFDQ2"
          },
          "sensitive_attributes": [],
          "private": "bnVsbA==",
          "dependencies": [
            "module.iam.data.aws_iam_policy_document.assume_role_policy"
          ]
        }
      ]
    },
    {
      "module": "module.iam",
      "mode": "managed",
      "type": "aws_iam_role_policy_attachment",
      "name": "ecs_task_execution_role_policy",
      "provider": "provider[\"registry.terraform.io/hashicorp/aws\"]",
      "instances": [
        {
          "schema_version": 0,
          "attributes": {
            "id": "forrester-ecs-ecs-task-execution-role-20220704203628488200000001",
            "policy_arn": "arn:aws:iam::aws:policy/service-role/AmazonEC2ContainerServiceforEC2Role",
            "role": "forrester-ecs-ecs-task-execution-role"
          },
          "sensitive_attributes": [],
          "private": "bnVsbA==",
          "dependencies": [
            "module.iam.aws_iam_role.ecs_task_execution_role",
            "module.iam.data.aws_iam_policy_document.assume_role_policy"
          ]
        }
      ]
    },
    {
      "module": "module.internal-alb",
      "mode": "managed",
      "type": "aws_alb",
      "name": "alb",
      "provider": "provider[\"registry.terraform.io/hashicorp/aws\"]",
      "instances": [
        {
          "schema_version": 0,
          "attributes": {
            "access_logs": [
              {
                "bucket": "",
                "enabled": false,
                "prefix": ""
              }
            ],
            "arn": "arn:aws:elasticloadbalancing:us-east-1:131578276461:loadbalancer/app/forrester-ecs-internal-alb/d042a00eb66ed02a",
            "arn_suffix": "app/forrester-ecs-internal-alb/d042a00eb66ed02a",
            "customer_owned_ipv4_pool": "",
            "desync_mitigation_mode": "defensive",
            "dns_name": "internal-forrester-ecs-internal-alb-158597907.us-east-1.elb.amazonaws.com",
            "drop_invalid_header_fields": false,
            "enable_cross_zone_load_balancing": null,
            "enable_deletion_protection": false,
            "enable_http2": true,
            "enable_waf_fail_open": false,
            "id": "arn:aws:elasticloadbalancing:us-east-1:131578276461:loadbalancer/app/forrester-ecs-internal-alb/d042a00eb66ed02a",
            "idle_timeout": 60,
            "internal": true,
            "ip_address_type": "ipv4",
            "load_balancer_type": "application",
            "name": "forrester-ecs-internal-alb",
            "name_prefix": null,
            "security_groups": [
              "sg-05c2d0daa89c88752"
            ],
            "subnet_mapping": [
              {
                "allocation_id": "",
                "ipv6_address": "",
                "outpost_id": "",
                "private_ipv4_address": "",
                "subnet_id": "subnet-00727c1f558485c50"
              },
              {
                "allocation_id": "",
                "ipv6_address": "",
                "outpost_id": "",
                "private_ipv4_address": "",
                "subnet_id": "subnet-0765c6e6ff75a5cc7"
              },
              {
                "allocation_id": "",
                "ipv6_address": "",
                "outpost_id": "",
                "private_ipv4_address": "",
                "subnet_id": "subnet-07bc9513f968366ad"
              }
            ],
            "subnets": [
              "subnet-00727c1f558485c50",
              "subnet-0765c6e6ff75a5cc7",
              "subnet-07bc9513f968366ad"
            ],
            "tags": {},
            "tags_all": {},
            "timeouts": null,
            "vpc_id": "vpc-075b60444356a8a9b",
            "zone_id": "Z35SXDOTRQ7X7K"
          },
          "sensitive_attributes": [],
          "private": "eyJlMmJmYjczMC1lY2FhLTExZTYtOGY4OC0zNDM2M2JjN2M0YzAiOnsiY3JlYXRlIjo2MDAwMDAwMDAwMDAsImRlbGV0ZSI6NjAwMDAwMDAwMDAwLCJ1cGRhdGUiOjYwMDAwMDAwMDAwMH19",
          "dependencies": [
            "module.internal_alb_security_group.aws_security_group.security_group",
            "module.vpc.aws_subnet.private_subnet",
            "module.vpc.aws_vpc.vpc"
          ]
        }
      ]
    },
    {
      "module": "module.internal-alb",
      "mode": "managed",
      "type": "aws_alb_listener",
      "name": "alb_listener",
      "provider": "provider[\"registry.terraform.io/hashicorp/aws\"]",
      "instances": [
        {
          "index_key": "HTTP",
          "schema_version": 0,
          "attributes": {
            "alpn_policy": null,
            "arn": "arn:aws:elasticloadbalancing:us-east-1:131578276461:listener/app/forrester-ecs-internal-alb/d042a00eb66ed02a/2f042056668d9df8",
            "certificate_arn": null,
            "default_action": [
              {
                "authenticate_cognito": [],
                "authenticate_oidc": [],
                "fixed_response": [
                  {
                    "content_type": "text/plain",
                    "message_body": "No routes defined",
                    "status_code": "200"
                  }
                ],
                "forward": [],
                "order": 1,
                "redirect": [],
                "target_group_arn": "",
                "type": "fixed-response"
              }
            ],
            "id": "arn:aws:elasticloadbalancing:us-east-1:131578276461:listener/app/forrester-ecs-internal-alb/d042a00eb66ed02a/2f042056668d9df8",
            "load_balancer_arn": "arn:aws:elasticloadbalancing:us-east-1:131578276461:loadbalancer/app/forrester-ecs-internal-alb/d042a00eb66ed02a",
            "port": 80,
            "protocol": "HTTP",
            "ssl_policy": "",
            "tags": {},
            "tags_all": {},
            "timeouts": null
          },
          "sensitive_attributes": [],
          "private": "eyJlMmJmYjczMC1lY2FhLTExZTYtOGY4OC0zNDM2M2JjN2M0YzAiOnsicmVhZCI6NjAwMDAwMDAwMDAwfX0=",
          "dependencies": [
            "module.internal-alb.aws_alb.alb",
            "module.internal_alb_security_group.aws_security_group.security_group",
            "module.vpc.aws_subnet.private_subnet",
            "module.vpc.aws_vpc.vpc"
          ]
        }
      ]
    },
    {
      "module": "module.internal-alb",
      "mode": "managed",
      "type": "aws_alb_listener_rule",
      "name": "alb_listener_rule",
      "provider": "provider[\"registry.terraform.io/hashicorp/aws\"]",
      "instances": [
        {
          "index_key": "Customer",
          "schema_version": 0,
          "attributes": {
            "action": [
              {
                "authenticate_cognito": [],
                "authenticate_oidc": [],
                "fixed_response": [],
                "forward": [],
                "order": 1,
                "redirect": [],
                "target_group_arn": "arn:aws:elasticloadbalancing:us-east-1:131578276461:targetgroup/customer-tg/bca6fd43b8314182",
                "type": "forward"
              }
            ],
            "arn": "arn:aws:elasticloadbalancing:us-east-1:131578276461:listener-rule/app/forrester-ecs-internal-alb/d042a00eb66ed02a/2f042056668d9df8/56bf49fdfe9b2285",
            "condition": [
              {
                "host_header": [],
                "http_header": [],
                "http_request_method": [],
                "path_pattern": [
                  {
                    "values": [
                      "/customer*"
                    ]
                  }
                ],
                "query_string": [],
                "source_ip": []
              }
            ],
            "id": "arn:aws:elasticloadbalancing:us-east-1:131578276461:listener-rule/app/forrester-ecs-internal-alb/d042a00eb66ed02a/2f042056668d9df8/56bf49fdfe9b2285",
            "listener_arn": "arn:aws:elasticloadbalancing:us-east-1:131578276461:listener/app/forrester-ecs-internal-alb/d042a00eb66ed02a/2f042056668d9df8",
            "priority": 1,
            "tags": {},
            "tags_all": {}
          },
          "sensitive_attributes": [],
          "private": "bnVsbA==",
          "dependencies": [
            "module.internal-alb.aws_alb.alb",
            "module.internal-alb.aws_alb_listener.alb_listener",
            "module.internal-alb.aws_alb_target_group.alb_target_group",
            "module.internal_alb_security_group.aws_security_group.security_group",
            "module.vpc.aws_subnet.private_subnet",
            "module.vpc.aws_vpc.vpc"
          ]
        },
        {
          "index_key": "Transaction",
          "schema_version": 0,
          "attributes": {
            "action": [
              {
                "authenticate_cognito": [],
                "authenticate_oidc": [],
                "fixed_response": [],
                "forward": [],
                "order": 1,
                "redirect": [],
                "target_group_arn": "arn:aws:elasticloadbalancing:us-east-1:131578276461:targetgroup/transaction-tg/c636a4ec239419c8",
                "type": "forward"
              }
            ],
            "arn": "arn:aws:elasticloadbalancing:us-east-1:131578276461:listener-rule/app/forrester-ecs-internal-alb/d042a00eb66ed02a/2f042056668d9df8/6779374d54f4d577",
            "condition": [
              {
                "host_header": [],
                "http_header": [],
                "http_request_method": [],
                "path_pattern": [
                  {
                    "values": [
                      "/transaction*"
                    ]
                  }
                ],
                "query_string": [],
                "source_ip": []
              }
            ],
            "id": "arn:aws:elasticloadbalancing:us-east-1:131578276461:listener-rule/app/forrester-ecs-internal-alb/d042a00eb66ed02a/2f042056668d9df8/6779374d54f4d577",
            "listener_arn": "arn:aws:elasticloadbalancing:us-east-1:131578276461:listener/app/forrester-ecs-internal-alb/d042a00eb66ed02a/2f042056668d9df8",
            "priority": 2,
            "tags": {},
            "tags_all": {}
          },
          "sensitive_attributes": [],
          "private": "bnVsbA==",
          "dependencies": [
            "module.internal-alb.aws_alb.alb",
            "module.internal-alb.aws_alb_listener.alb_listener",
            "module.internal-alb.aws_alb_target_group.alb_target_group",
            "module.internal_alb_security_group.aws_security_group.security_group",
            "module.vpc.aws_subnet.private_subnet",
            "module.vpc.aws_vpc.vpc"
          ]
        }
      ]
    },
    {
      "module": "module.internal-alb",
      "mode": "managed",
      "type": "aws_alb_target_group",
      "name": "alb_target_group",
      "provider": "provider[\"registry.terraform.io/hashicorp/aws\"]",
      "instances": [
        {
          "index_key": "Customer",
          "schema_version": 0,
          "attributes": {
            "arn": "arn:aws:elasticloadbalancing:us-east-1:131578276461:targetgroup/customer-tg/bca6fd43b8314182",
            "arn_suffix": "targetgroup/customer-tg/bca6fd43b8314182",
            "connection_termination": false,
            "deregistration_delay": "300",
            "health_check": [
              {
                "enabled": true,
                "healthy_threshold": 3,
                "interval": 30,
                "matcher": "200",
                "path": "/health",
                "port": "traffic-port",
                "protocol": "HTTP",
                "timeout": 5,
                "unhealthy_threshold": 3
              }
            ],
            "id": "arn:aws:elasticloadbalancing:us-east-1:131578276461:targetgroup/customer-tg/bca6fd43b8314182",
            "lambda_multi_value_headers_enabled": false,
            "load_balancing_algorithm_type": "round_robin",
            "name": "customer-tg",
            "name_prefix": null,
            "port": 3000,
            "preserve_client_ip": null,
            "protocol": "HTTP",
            "protocol_version": "HTTP1",
            "proxy_protocol_v2": false,
            "slow_start": 0,
            "stickiness": [
              {
                "cookie_duration": 86400,
                "cookie_name": "",
                "enabled": false,
                "type": "lb_cookie"
              }
            ],
            "tags": {},
            "tags_all": {},
            "target_type": "ip",
            "vpc_id": "vpc-075b60444356a8a9b"
          },
          "sensitive_attributes": [],
          "private": "bnVsbA==",
          "dependencies": [
            "module.vpc.aws_vpc.vpc"
          ]
        },
        {
          "index_key": "Transaction",
          "schema_version": 0,
          "attributes": {
            "arn": "arn:aws:elasticloadbalancing:us-east-1:131578276461:targetgroup/transaction-tg/c636a4ec239419c8",
            "arn_suffix": "targetgroup/transaction-tg/c636a4ec239419c8",
            "connection_termination": false,
            "deregistration_delay": "300",
            "health_check": [
              {
                "enabled": true,
                "healthy_threshold": 3,
                "interval": 30,
                "matcher": "200",
                "path": "/health",
                "port": "traffic-port",
                "protocol": "HTTP",
                "timeout": 5,
                "unhealthy_threshold": 3
              }
            ],
            "id": "arn:aws:elasticloadbalancing:us-east-1:131578276461:targetgroup/transaction-tg/c636a4ec239419c8",
            "lambda_multi_value_headers_enabled": false,
            "load_balancing_algorithm_type": "round_robin",
            "name": "transaction-tg",
            "name_prefix": null,
            "port": 3000,
            "preserve_client_ip": null,
            "protocol": "HTTP",
            "protocol_version": "HTTP1",
            "proxy_protocol_v2": false,
            "slow_start": 0,
            "stickiness": [
              {
                "cookie_duration": 86400,
                "cookie_name": "",
                "enabled": false,
                "type": "lb_cookie"
              }
            ],
            "tags": {},
            "tags_all": {},
            "target_type": "ip",
            "vpc_id": "vpc-075b60444356a8a9b"
          },
          "sensitive_attributes": [],
          "private": "bnVsbA==",
          "dependencies": [
            "module.vpc.aws_vpc.vpc"
          ]
        }
      ]
    },
    {
      "module": "module.internal_alb_security_group",
      "mode": "managed",
      "type": "aws_security_group",
      "name": "security_group",
      "provider": "provider[\"registry.terraform.io/hashicorp/aws\"]",
      "instances": [
        {
          "schema_version": 1,
          "attributes": {
            "arn": "arn:aws:ec2:us-east-1:131578276461:security-group/sg-05c2d0daa89c88752",
            "description": "forrester-ecs-internal-alb-sg",
            "egress": [
              {
                "cidr_blocks": [
                  "10.100.0.0/16"
                ],
                "description": "",
                "from_port": 0,
                "ipv6_cidr_blocks": [],
                "prefix_list_ids": [],
                "protocol": "-1",
                "security_groups": [],
                "self": false,
                "to_port": 0
              }
            ],
            "id": "sg-05c2d0daa89c88752",
            "ingress": [
              {
                "cidr_blocks": [
                  "10.100.0.0/16"
                ],
                "description": "",
                "from_port": 80,
                "ipv6_cidr_blocks": [],
                "prefix_list_ids": [],
                "protocol": "tcp",
                "security_groups": [],
                "self": false,
                "to_port": 3000
              }
            ],
            "name": "forrester-ecs-internal-alb-sg",
            "name_prefix": "",
            "owner_id": "131578276461",
            "revoke_rules_on_delete": false,
            "tags": {},
            "tags_all": {},
            "timeouts": null,
            "vpc_id": "vpc-075b60444356a8a9b"
          },
          "sensitive_attributes": [],
          "private": "eyJlMmJmYjczMC1lY2FhLTExZTYtOGY4OC0zNDM2M2JjN2M0YzAiOnsiY3JlYXRlIjo2MDAwMDAwMDAwMDAsImRlbGV0ZSI6OTAwMDAwMDAwMDAwfSwic2NoZW1hX3ZlcnNpb24iOiIxIn0=",
          "dependencies": [
            "module.vpc.aws_vpc.vpc"
          ]
        }
      ]
    },
    {
      "module": "module.public-alb",
      "mode": "managed",
      "type": "aws_alb",
      "name": "alb",
      "provider": "provider[\"registry.terraform.io/hashicorp/aws\"]",
      "instances": [
        {
          "schema_version": 0,
          "attributes": {
            "access_logs": [
              {
                "bucket": "",
                "enabled": false,
                "prefix": ""
              }
            ],
            "arn": "arn:aws:elasticloadbalancing:us-east-1:131578276461:loadbalancer/app/forrester-ecs-public-alb/d9877bb10f4fd0c6",
            "arn_suffix": "app/forrester-ecs-public-alb/d9877bb10f4fd0c6",
            "customer_owned_ipv4_pool": "",
            "desync_mitigation_mode": "defensive",
            "dns_name": "forrester-ecs-public-alb-114384913.us-east-1.elb.amazonaws.com",
            "drop_invalid_header_fields": false,
            "enable_cross_zone_load_balancing": null,
            "enable_deletion_protection": false,
            "enable_http2": true,
            "enable_waf_fail_open": false,
            "id": "arn:aws:elasticloadbalancing:us-east-1:131578276461:loadbalancer/app/forrester-ecs-public-alb/d9877bb10f4fd0c6",
            "idle_timeout": 60,
            "internal": false,
            "ip_address_type": "ipv4",
            "load_balancer_type": "application",
            "name": "forrester-ecs-public-alb",
            "name_prefix": null,
            "security_groups": [
              "sg-098f70503709547ae"
            ],
            "subnet_mapping": [
              {
                "allocation_id": "",
                "ipv6_address": "",
                "outpost_id": "",
                "private_ipv4_address": "",
                "subnet_id": "subnet-0150c1577c7191735"
              },
              {
                "allocation_id": "",
                "ipv6_address": "",
                "outpost_id": "",
                "private_ipv4_address": "",
                "subnet_id": "subnet-0505ec34fa35d5c59"
              },
              {
                "allocation_id": "",
                "ipv6_address": "",
                "outpost_id": "",
                "private_ipv4_address": "",
                "subnet_id": "subnet-0ee294d11d6352c06"
              }
            ],
            "subnets": [
              "subnet-0150c1577c7191735",
              "subnet-0505ec34fa35d5c59",
              "subnet-0ee294d11d6352c06"
            ],
            "tags": {},
            "tags_all": {},
            "timeouts": null,
            "vpc_id": "vpc-075b60444356a8a9b",
            "zone_id": "Z35SXDOTRQ7X7K"
          },
          "sensitive_attributes": [],
          "private": "eyJlMmJmYjczMC1lY2FhLTExZTYtOGY4OC0zNDM2M2JjN2M0YzAiOnsiY3JlYXRlIjo2MDAwMDAwMDAwMDAsImRlbGV0ZSI6NjAwMDAwMDAwMDAwLCJ1cGRhdGUiOjYwMDAwMDAwMDAwMH19",
          "dependencies": [
            "module.public_alb_security_group.aws_security_group.security_group",
            "module.vpc.aws_subnet.public_subnet",
            "module.vpc.aws_vpc.vpc"
          ]
        }
      ]
    },
    {
      "module": "module.public-alb",
      "mode": "managed",
      "type": "aws_alb_listener",
      "name": "alb_listener",
      "provider": "provider[\"registry.terraform.io/hashicorp/aws\"]",
      "instances": [
        {
          "index_key": "HTTP",
          "schema_version": 0,
          "attributes": {
            "alpn_policy": null,
            "arn": "arn:aws:elasticloadbalancing:us-east-1:131578276461:listener/app/forrester-ecs-public-alb/d9877bb10f4fd0c6/0e7200ec045f998b",
            "certificate_arn": null,
            "default_action": [
              {
                "authenticate_cognito": [],
                "authenticate_oidc": [],
                "fixed_response": [
                  {
                    "content_type": "text/plain",
                    "message_body": "No routes defined",
                    "status_code": "200"
                  }
                ],
                "forward": [],
                "order": 1,
                "redirect": [],
                "target_group_arn": "",
                "type": "fixed-response"
              }
            ],
            "id": "arn:aws:elasticloadbalancing:us-east-1:131578276461:listener/app/forrester-ecs-public-alb/d9877bb10f4fd0c6/0e7200ec045f998b",
            "load_balancer_arn": "arn:aws:elasticloadbalancing:us-east-1:131578276461:loadbalancer/app/forrester-ecs-public-alb/d9877bb10f4fd0c6",
            "port": 80,
            "protocol": "HTTP",
            "ssl_policy": "",
            "tags": {},
            "tags_all": {},
            "timeouts": null
          },
          "sensitive_attributes": [],
          "private": "eyJlMmJmYjczMC1lY2FhLTExZTYtOGY4OC0zNDM2M2JjN2M0YzAiOnsicmVhZCI6NjAwMDAwMDAwMDAwfX0=",
          "dependencies": [
            "module.public-alb.aws_alb.alb",
            "module.public_alb_security_group.aws_security_group.security_group",
            "module.vpc.aws_subnet.public_subnet",
            "module.vpc.aws_vpc.vpc"
          ]
        }
      ]
    },
    {
      "module": "module.public-alb",
      "mode": "managed",
      "type": "aws_alb_listener_rule",
      "name": "alb_listener_rule",
      "provider": "provider[\"registry.terraform.io/hashicorp/aws\"]",
      "instances": [
        {
          "index_key": "WebApp",
          "schema_version": 0,
          "attributes": {
            "action": [
              {
                "authenticate_cognito": [],
                "authenticate_oidc": [],
                "fixed_response": [],
                "forward": [],
                "order": 1,
                "redirect": [],
                "target_group_arn": "arn:aws:elasticloadbalancing:us-east-1:131578276461:targetgroup/webapp-tg/cbfb4fc9d8545032",
                "type": "forward"
              }
            ],
            "arn": "arn:aws:elasticloadbalancing:us-east-1:131578276461:listener-rule/app/forrester-ecs-public-alb/d9877bb10f4fd0c6/0e7200ec045f998b/b0a1210f37ade6fe",
            "condition": [
              {
                "host_header": [],
                "http_header": [],
                "http_request_method": [],
                "path_pattern": [
                  {
                    "values": [
                      "/*"
                    ]
                  }
                ],
                "query_string": [],
                "source_ip": []
              }
            ],
            "id": "arn:aws:elasticloadbalancing:us-east-1:131578276461:listener-rule/app/forrester-ecs-public-alb/d9877bb10f4fd0c6/0e7200ec045f998b/b0a1210f37ade6fe",
            "listener_arn": "arn:aws:elasticloadbalancing:us-east-1:131578276461:listener/app/forrester-ecs-public-alb/d9877bb10f4fd0c6/0e7200ec045f998b",
            "priority": 1,
            "tags": {},
            "tags_all": {}
          },
          "sensitive_attributes": [],
          "private": "bnVsbA==",
          "dependencies": [
            "module.public-alb.aws_alb.alb",
            "module.public-alb.aws_alb_listener.alb_listener",
            "module.public-alb.aws_alb_target_group.alb_target_group",
            "module.public_alb_security_group.aws_security_group.security_group",
            "module.vpc.aws_subnet.public_subnet",
            "module.vpc.aws_vpc.vpc"
          ]
        }
      ]
    },
    {
      "module": "module.public-alb",
      "mode": "managed",
      "type": "aws_alb_target_group",
      "name": "alb_target_group",
      "provider": "provider[\"registry.terraform.io/hashicorp/aws\"]",
      "instances": [
        {
          "index_key": "WebApp",
          "schema_version": 0,
          "attributes": {
            "arn": "arn:aws:elasticloadbalancing:us-east-1:131578276461:targetgroup/webapp-tg/cbfb4fc9d8545032",
            "arn_suffix": "targetgroup/webapp-tg/cbfb4fc9d8545032",
            "connection_termination": false,
            "deregistration_delay": "300",
            "health_check": [
              {
                "enabled": true,
                "healthy_threshold": 3,
                "interval": 30,
                "matcher": "200",
                "path": "/health",
                "port": "traffic-port",
                "protocol": "HTTP",
                "timeout": 5,
                "unhealthy_threshold": 3
              }
            ],
            "id": "arn:aws:elasticloadbalancing:us-east-1:131578276461:targetgroup/webapp-tg/cbfb4fc9d8545032",
            "lambda_multi_value_headers_enabled": false,
            "load_balancing_algorithm_type": "round_robin",
            "name": "webapp-tg",
            "name_prefix": null,
            "port": 80,
            "preserve_client_ip": null,
            "protocol": "HTTP",
            "protocol_version": "HTTP1",
            "proxy_protocol_v2": false,
            "slow_start": 0,
            "stickiness": [
              {
                "cookie_duration": 86400,
                "cookie_name": "",
                "enabled": false,
                "type": "lb_cookie"
              }
            ],
            "tags": {},
            "tags_all": {},
            "target_type": "ip",
            "vpc_id": "vpc-075b60444356a8a9b"
          },
          "sensitive_attributes": [],
          "private": "bnVsbA==",
          "dependencies": [
            "module.vpc.aws_vpc.vpc"
          ]
        }
      ]
    },
    {
      "module": "module.public_alb_security_group",
      "mode": "managed",
      "type": "aws_security_group",
      "name": "security_group",
      "provider": "provider[\"registry.terraform.io/hashicorp/aws\"]",
      "instances": [
        {
          "schema_version": 1,
          "attributes": {
            "arn": "arn:aws:ec2:us-east-1:131578276461:security-group/sg-098f70503709547ae",
            "description": "forrester-ecs-public-alb-sg",
            "egress": [
              {
                "cidr_blocks": [
                  "0.0.0.0/0"
                ],
                "description": "",
                "from_port": 0,
                "ipv6_cidr_blocks": [],
                "prefix_list_ids": [],
                "protocol": "-1",
                "security_groups": [],
                "self": false,
                "to_port": 0
              }
            ],
            "id": "sg-098f70503709547ae",
            "ingress": [
              {
                "cidr_blocks": [
                  "0.0.0.0/0"
                ],
                "description": "",
                "from_port": 80,
                "ipv6_cidr_blocks": [],
                "prefix_list_ids": [],
                "protocol": "tcp",
                "security_groups": [],
                "self": false,
                "to_port": 80
              }
            ],
            "name": "forrester-ecs-public-alb-sg",
            "name_prefix": "",
            "owner_id": "131578276461",
            "revoke_rules_on_delete": false,
            "tags": {},
            "tags_all": {},
            "timeouts": null,
            "vpc_id": "vpc-075b60444356a8a9b"
          },
          "sensitive_attributes": [],
          "private": "eyJlMmJmYjczMC1lY2FhLTExZTYtOGY4OC0zNDM2M2JjN2M0YzAiOnsiY3JlYXRlIjo2MDAwMDAwMDAwMDAsImRlbGV0ZSI6OTAwMDAwMDAwMDAwfSwic2NoZW1hX3ZlcnNpb24iOiIxIn0=",
          "dependencies": [
            "module.vpc.aws_vpc.vpc"
          ]
        }
      ]
    },
    {
      "module": "module.route53_private_zone",
      "mode": "managed",
      "type": "aws_route53_record",
      "name": "internal_service_record",
      "provider": "provider[\"registry.terraform.io/hashicorp/aws\"]",
      "instances": [
        {
          "schema_version": 2,
          "attributes": {
            "alias": [
              {
                "evaluate_target_health": true,
                "name": "internal-forrester-ecs-internal-alb-158597907.us-east-1.elb.amazonaws.com",
                "zone_id": "Z35SXDOTRQ7X7K"
              }
            ],
            "allow_overwrite": null,
            "failover_routing_policy": [],
            "fqdn": "forrester.internal",
            "geolocation_routing_policy": [],
            "health_check_id": "",
            "id": "Z0602874OT5M2QJPFD8L_forrester.internal_A",
            "latency_routing_policy": [],
            "multivalue_answer_routing_policy": null,
            "name": "forrester.internal",
            "records": [],
            "set_identifier": "",
            "ttl": 0,
            "type": "A",
            "weighted_routing_policy": [],
            "zone_id": "Z0602874OT5M2QJPFD8L"
          },
          "sensitive_attributes": [],
          "private": "eyJzY2hlbWFfdmVyc2lvbiI6IjIifQ==",
          "dependencies": [
            "module.internal-alb.aws_alb.alb",
            "module.internal_alb_security_group.aws_security_group.security_group",
            "module.route53_private_zone.aws_route53_zone.private_zone",
            "module.vpc.aws_subnet.private_subnet",
            "module.vpc.aws_vpc.vpc"
          ]
        }
      ]
    },
    {
      "module": "module.route53_private_zone",
      "mode": "managed",
      "type": "aws_route53_zone",
      "name": "private_zone",
      "provider": "provider[\"registry.terraform.io/hashicorp/aws\"]",
      "instances": [
        {
          "schema_version": 0,
          "attributes": {
            "arn": "arn:aws:route53:::hostedzone/Z0602874OT5M2QJPFD8L",
            "comment": "Managed by Terraform",
            "delegation_set_id": "",
            "force_destroy": false,
            "id": "Z0602874OT5M2QJPFD8L",
            "name": "forrester.internal",
            "name_servers": [
              "ns-0.awsdns-00.com.",
              "ns-1024.awsdns-00.org.",
              "ns-1536.awsdns-00.co.uk.",
              "ns-512.awsdns-00.net."
            ],
            "tags": {},
            "tags_all": {},
            "vpc": [
              {
                "vpc_id": "vpc-075b60444356a8a9b",
                "vpc_region": "us-east-1"
              }
            ],
            "zone_id": "Z0602874OT5M2QJPFD8L"
          },
          "sensitive_attributes": [],
          "private": "bnVsbA==",
          "dependencies": [
            "module.vpc.aws_vpc.vpc"
          ]
        }
      ]
    },
    {
      "module": "module.vpc",
      "mode": "managed",
      "type": "aws_eip",
      "name": "eip",
      "provider": "provider[\"registry.terraform.io/hashicorp/aws\"]",
      "instances": [
        {
          "schema_version": 0,
          "attributes": {
            "address": null,
            "allocation_id": "eipalloc-035377aa0e797404a",
            "associate_with_private_ip": null,
            "association_id": "eipassoc-02aa2047d41a4a9f6",
            "carrier_ip": "",
            "customer_owned_ip": "",
            "customer_owned_ipv4_pool": "",
            "domain": "vpc",
            "id": "eipalloc-035377aa0e797404a",
            "instance": "",
            "network_border_group": "us-east-1",
            "network_interface": "eni-09cee1f9c591a2883",
            "private_dns": "ip-10-100-0-86.ec2.internal",
            "private_ip": "10.100.0.86",
            "public_dns": "ec2-54-161-40-75.compute-1.amazonaws.com",
            "public_ip": "54.161.40.75",
            "public_ipv4_pool": "amazon",
            "tags": {},
            "tags_all": {},
            "timeouts": null,
            "vpc": true
          },
          "sensitive_attributes": [],
          "private": "eyJlMmJmYjczMC1lY2FhLTExZTYtOGY4OC0zNDM2M2JjN2M0YzAiOnsiZGVsZXRlIjoxODAwMDAwMDAwMDAsInJlYWQiOjkwMDAwMDAwMDAwMCwidXBkYXRlIjozMDAwMDAwMDAwMDB9fQ=="
        }
      ]
    },
    {
      "module": "module.vpc",
      "mode": "managed",
      "type": "aws_internet_gateway",
      "name": "igw",
      "provider": "provider[\"registry.terraform.io/hashicorp/aws\"]",
      "instances": [
        {
          "schema_version": 0,
          "attributes": {
            "arn": "arn:aws:ec2:us-east-1:131578276461:internet-gateway/igw-046a18c1dc297a98b",
            "id": "igw-046a18c1dc297a98b",
            "owner_id": "131578276461",
            "tags": {
              "Env": "dev",
              "Name": "forrester-ecs"
            },
            "tags_all": {
              "Env": "dev",
              "Name": "forrester-ecs"
            },
            "vpc_id": "vpc-075b60444356a8a9b"
          },
          "sensitive_attributes": [],
          "private": "bnVsbA==",
          "dependencies": [
            "module.vpc.aws_vpc.vpc"
          ]
        }
      ]
    },
    {
      "module": "module.vpc",
      "mode": "managed",
      "type": "aws_nat_gateway",
      "name": "nat_gateway",
      "provider": "provider[\"registry.terraform.io/hashicorp/aws\"]",
      "instances": [
        {
          "schema_version": 0,
          "attributes": {
            "allocation_id": "eipalloc-035377aa0e797404a",
            "connectivity_type": "public",
            "id": "nat-08d2cb9700e26eef3",
            "network_interface_id": "eni-09cee1f9c591a2883",
            "private_ip": "10.100.0.86",
            "public_ip": "54.161.40.75",
            "subnet_id": "subnet-0ee294d11d6352c06",
            "tags": {},
            "tags_all": {}
          },
          "sensitive_attributes": [],
          "private": "bnVsbA==",
          "dependencies": [
            "module.vpc.aws_eip.eip",
            "module.vpc.aws_internet_gateway.igw",
            "module.vpc.aws_subnet.public_subnet",
            "module.vpc.aws_vpc.vpc"
          ]
        }
      ]
    },
    {
      "module": "module.vpc",
      "mode": "managed",
      "type": "aws_route",
      "name": "private_route",
      "provider": "provider[\"registry.terraform.io/hashicorp/aws\"]",
      "instances": [
        {
          "schema_version": 0,
          "attributes": {
            "carrier_gateway_id": "",
            "core_network_arn": "",
            "destination_cidr_block": "0.0.0.0/0",
            "destination_ipv6_cidr_block": "",
            "destination_prefix_list_id": "",
            "egress_only_gateway_id": "",
            "gateway_id": "",
            "id": "r-rtb-0573bb04fd9909cbb1080289494",
            "instance_id": "",
            "instance_owner_id": "",
            "local_gateway_id": "",
            "nat_gateway_id": "nat-08d2cb9700e26eef3",
            "network_interface_id": "",
            "origin": "CreateRoute",
            "route_table_id": "rtb-0573bb04fd9909cbb",
            "state": "active",
            "timeouts": null,
            "transit_gateway_id": "",
            "vpc_endpoint_id": "",
            "vpc_peering_connection_id": ""
          },
          "sensitive_attributes": [],
          "private": "eyJlMmJmYjczMC1lY2FhLTExZTYtOGY4OC0zNDM2M2JjN2M0YzAiOnsiY3JlYXRlIjozMDAwMDAwMDAwMDAsImRlbGV0ZSI6MzAwMDAwMDAwMDAwLCJ1cGRhdGUiOjEyMDAwMDAwMDAwMH19",
          "dependencies": [
            "module.vpc.aws_nat_gateway.nat_gateway",
            "module.vpc.aws_route_table.private_route_table"
          ]
        }
      ]
    },
    {
      "module": "module.vpc",
      "mode": "managed",
      "type": "aws_route",
      "name": "public-route",
      "provider": "provider[\"registry.terraform.io/hashicorp/aws\"]",
      "instances": [
        {
          "schema_version": 0,
          "attributes": {
            "carrier_gateway_id": "",
            "core_network_arn": "",
            "destination_cidr_block": "0.0.0.0/0",
            "destination_ipv6_cidr_block": "",
            "destination_prefix_list_id": "",
            "egress_only_gateway_id": "",
            "gateway_id": "igw-046a18c1dc297a98b",
            "id": "r-rtb-0b602b98ab35f2ba91080289494",
            "instance_id": "",
            "instance_owner_id": "",
            "local_gateway_id": "",
            "nat_gateway_id": "",
            "network_interface_id": "",
            "origin": "CreateRoute",
            "route_table_id": "rtb-0b602b98ab35f2ba9",
            "state": "active",
            "timeouts": null,
            "transit_gateway_id": "",
            "vpc_endpoint_id": "",
            "vpc_peering_connection_id": ""
          },
          "sensitive_attributes": [],
          "private": "eyJlMmJmYjczMC1lY2FhLTExZTYtOGY4OC0zNDM2M2JjN2M0YzAiOnsiY3JlYXRlIjozMDAwMDAwMDAwMDAsImRlbGV0ZSI6MzAwMDAwMDAwMDAwLCJ1cGRhdGUiOjEyMDAwMDAwMDAwMH19",
          "dependencies": [
            "module.vpc.aws_internet_gateway.igw",
            "module.vpc.aws_route_table.public_route_table",
            "module.vpc.aws_vpc.vpc"
          ]
        }
      ]
    },
    {
      "module": "module.vpc",
      "mode": "managed",
      "type": "aws_route_table",
      "name": "private_route_table",
      "provider": "provider[\"registry.terraform.io/hashicorp/aws\"]",
      "instances": [
        {
          "schema_version": 0,
          "attributes": {
            "arn": "arn:aws:ec2:us-east-1:131578276461:route-table/rtb-0573bb04fd9909cbb",
            "id": "rtb-0573bb04fd9909cbb",
            "owner_id": "131578276461",
            "propagating_vgws": [],
            "route": [
              {
                "carrier_gateway_id": "",
                "cidr_block": "0.0.0.0/0",
                "core_network_arn": "",
                "destination_prefix_list_id": "",
                "egress_only_gateway_id": "",
                "gateway_id": "",
                "instance_id": "",
                "ipv6_cidr_block": "",
                "local_gateway_id": "",
                "nat_gateway_id": "nat-08d2cb9700e26eef3",
                "network_interface_id": "",
                "transit_gateway_id": "",
                "vpc_endpoint_id": "",
                "vpc_peering_connection_id": ""
              }
            ],
            "tags": {
              "Env": "dev",
              "Name": "forrester-ecsprivate-route-table"
            },
            "tags_all": {
              "Env": "dev",
              "Name": "forrester-ecsprivate-route-table"
            },
            "timeouts": null,
            "vpc_id": "vpc-075b60444356a8a9b"
          },
          "sensitive_attributes": [],
          "private": "eyJlMmJmYjczMC1lY2FhLTExZTYtOGY4OC0zNDM2M2JjN2M0YzAiOnsiY3JlYXRlIjozMDAwMDAwMDAwMDAsImRlbGV0ZSI6MzAwMDAwMDAwMDAwLCJ1cGRhdGUiOjEyMDAwMDAwMDAwMH19",
          "dependencies": [
            "module.vpc.aws_vpc.vpc"
          ]
        }
      ]
    },
    {
      "module": "module.vpc",
      "mode": "managed",
      "type": "aws_route_table",
      "name": "public_route_table",
      "provider": "provider[\"registry.terraform.io/hashicorp/aws\"]",
      "instances": [
        {
          "schema_version": 0,
          "attributes": {
            "arn": "arn:aws:ec2:us-east-1:131578276461:route-table/rtb-0b602b98ab35f2ba9",
            "id": "rtb-0b602b98ab35f2ba9",
            "owner_id": "131578276461",
            "propagating_vgws": [],
            "route": [
              {
                "carrier_gateway_id": "",
                "cidr_block": "0.0.0.0/0",
                "core_network_arn": "",
                "destination_prefix_list_id": "",
                "egress_only_gateway_id": "",
                "gateway_id": "igw-046a18c1dc297a98b",
                "instance_id": "",
                "ipv6_cidr_block": "",
                "local_gateway_id": "",
                "nat_gateway_id": "",
                "network_interface_id": "",
                "transit_gateway_id": "",
                "vpc_endpoint_id": "",
                "vpc_peering_connection_id": ""
              }
            ],
            "tags": {
              "Env": "dev",
              "Name": "forrester-ecspublic-route-table"
            },
            "tags_all": {
              "Env": "dev",
              "Name": "forrester-ecspublic-route-table"
            },
            "timeouts": null,
            "vpc_id": "vpc-075b60444356a8a9b"
          },
          "sensitive_attributes": [],
          "private": "eyJlMmJmYjczMC1lY2FhLTExZTYtOGY4OC0zNDM2M2JjN2M0YzAiOnsiY3JlYXRlIjozMDAwMDAwMDAwMDAsImRlbGV0ZSI6MzAwMDAwMDAwMDAwLCJ1cGRhdGUiOjEyMDAwMDAwMDAwMH19",
          "dependencies": [
            "module.vpc.aws_vpc.vpc"
          ]
        }
      ]
    },
    {
      "module": "module.vpc",
      "mode": "managed",
      "type": "aws_route_table_association",
      "name": "private_route_association",
      "provider": "provider[\"registry.terraform.io/hashicorp/aws\"]",
      "instances": [
        {
          "index_key": 0,
          "schema_version": 0,
          "attributes": {
            "gateway_id": "",
            "id": "rtbassoc-02bcd624757894ad8",
            "route_table_id": "rtb-0573bb04fd9909cbb",
            "subnet_id": "subnet-0765c6e6ff75a5cc7"
          },
          "sensitive_attributes": [],
          "private": "bnVsbA==",
          "dependencies": [
            "module.vpc.aws_route_table.private_route_table",
            "module.vpc.aws_subnet.private_subnet",
            "module.vpc.aws_vpc.vpc"
          ]
        },
        {
          "index_key": 1,
          "schema_version": 0,
          "attributes": {
            "gateway_id": "",
            "id": "rtbassoc-01fa223a5969a075d",
            "route_table_id": "rtb-0573bb04fd9909cbb",
            "subnet_id": "subnet-07bc9513f968366ad"
          },
          "sensitive_attributes": [],
          "private": "bnVsbA==",
          "dependencies": [
            "module.vpc.aws_route_table.private_route_table",
            "module.vpc.aws_subnet.private_subnet",
            "module.vpc.aws_vpc.vpc"
          ]
        },
        {
          "index_key": 2,
          "schema_version": 0,
          "attributes": {
            "gateway_id": "",
            "id": "rtbassoc-00f3740723b536525",
            "route_table_id": "rtb-0573bb04fd9909cbb",
            "subnet_id": "subnet-00727c1f558485c50"
          },
          "sensitive_attributes": [],
          "private": "bnVsbA==",
          "dependencies": [
            "module.vpc.aws_route_table.private_route_table",
            "module.vpc.aws_subnet.private_subnet",
            "module.vpc.aws_vpc.vpc"
          ]
        }
      ]
    },
    {
      "module": "module.vpc",
      "mode": "managed",
      "type": "aws_route_table_association",
      "name": "public-route-association",
      "provider": "provider[\"registry.terraform.io/hashicorp/aws\"]",
      "instances": [
        {
          "index_key": 0,
          "schema_version": 0,
          "attributes": {
            "gateway_id": "",
            "id": "rtbassoc-0e1195d70e8aeb8e3",
            "route_table_id": "rtb-0b602b98ab35f2ba9",
            "subnet_id": "subnet-0ee294d11d6352c06"
          },
          "sensitive_attributes": [],
          "private": "bnVsbA==",
          "dependencies": [
            "module.vpc.aws_route_table.public_route_table",
            "module.vpc.aws_subnet.public_subnet",
            "module.vpc.aws_vpc.vpc"
          ]
        },
        {
          "index_key": 1,
          "schema_version": 0,
          "attributes": {
            "gateway_id": "",
            "id": "rtbassoc-0261d6470fb0f6a6d",
            "route_table_id": "rtb-0b602b98ab35f2ba9",
            "subnet_id": "subnet-0150c1577c7191735"
          },
          "sensitive_attributes": [],
          "private": "bnVsbA==",
          "dependencies": [
            "module.vpc.aws_route_table.public_route_table",
            "module.vpc.aws_subnet.public_subnet",
            "module.vpc.aws_vpc.vpc"
          ]
        },
        {
          "index_key": 2,
          "schema_version": 0,
          "attributes": {
            "gateway_id": "",
            "id": "rtbassoc-05351af4f943675c4",
            "route_table_id": "rtb-0b602b98ab35f2ba9",
            "subnet_id": "subnet-0505ec34fa35d5c59"
          },
          "sensitive_attributes": [],
          "private": "bnVsbA==",
          "dependencies": [
            "module.vpc.aws_route_table.public_route_table",
            "module.vpc.aws_subnet.public_subnet",
            "module.vpc.aws_vpc.vpc"
          ]
        }
      ]
    },
    {
      "module": "module.vpc",
      "mode": "managed",
      "type": "aws_subnet",
      "name": "private_subnet",
      "provider": "provider[\"registry.terraform.io/hashicorp/aws\"]",
      "instances": [
        {
          "index_key": 0,
          "schema_version": 1,
          "attributes": {
            "arn": "arn:aws:ec2:us-east-1:131578276461:subnet/subnet-0765c6e6ff75a5cc7",
            "assign_ipv6_address_on_creation": false,
            "availability_zone": "us-east-1a",
            "availability_zone_id": "use1-az4",
            "cidr_block": "10.100.3.0/24",
            "customer_owned_ipv4_pool": "",
            "enable_dns64": false,
            "enable_resource_name_dns_a_record_on_launch": false,
            "enable_resource_name_dns_aaaa_record_on_launch": false,
            "id": "subnet-0765c6e6ff75a5cc7",
            "ipv6_cidr_block": "",
            "ipv6_cidr_block_association_id": "",
            "ipv6_native": false,
            "map_customer_owned_ip_on_launch": false,
            "map_public_ip_on_launch": false,
            "outpost_arn": "",
            "owner_id": "131578276461",
            "private_dns_hostname_type_on_launch": "ip-name",
            "tags": {
              "Env": "dev",
              "Name": "forrester-ecs-private-subnet-0"
            },
            "tags_all": {
              "Env": "dev",
              "Name": "forrester-ecs-private-subnet-0"
            },
            "timeouts": null,
            "vpc_id": "vpc-075b60444356a8a9b"
          },
          "sensitive_attributes": [],
          "private": "eyJlMmJmYjczMC1lY2FhLTExZTYtOGY4OC0zNDM2M2JjN2M0YzAiOnsiY3JlYXRlIjo2MDAwMDAwMDAwMDAsImRlbGV0ZSI6MTIwMDAwMDAwMDAwMH0sInNjaGVtYV92ZXJzaW9uIjoiMSJ9",
          "dependencies": [
            "module.vpc.aws_vpc.vpc"
          ]
        },
        {
          "index_key": 1,
          "schema_version": 1,
          "attributes": {
            "arn": "arn:aws:ec2:us-east-1:131578276461:subnet/subnet-07bc9513f968366ad",
            "assign_ipv6_address_on_creation": false,
            "availability_zone": "us-east-1b",
            "availability_zone_id": "use1-az6",
            "cidr_block": "10.100.4.0/24",
            "customer_owned_ipv4_pool": "",
            "enable_dns64": false,
            "enable_resource_name_dns_a_record_on_launch": false,
            "enable_resource_name_dns_aaaa_record_on_launch": false,
            "id": "subnet-07bc9513f968366ad",
            "ipv6_cidr_block": "",
            "ipv6_cidr_block_association_id": "",
            "ipv6_native": false,
            "map_customer_owned_ip_on_launch": false,
            "map_public_ip_on_launch": false,
            "outpost_arn": "",
            "owner_id": "131578276461",
            "private_dns_hostname_type_on_launch": "ip-name",
            "tags": {
              "Env": "dev",
              "Name": "forrester-ecs-private-subnet-1"
            },
            "tags_all": {
              "Env": "dev",
              "Name": "forrester-ecs-private-subnet-1"
            },
            "timeouts": null,
            "vpc_id": "vpc-075b60444356a8a9b"
          },
          "sensitive_attributes": [],
          "private": "eyJlMmJmYjczMC1lY2FhLTExZTYtOGY4OC0zNDM2M2JjN2M0YzAiOnsiY3JlYXRlIjo2MDAwMDAwMDAwMDAsImRlbGV0ZSI6MTIwMDAwMDAwMDAwMH0sInNjaGVtYV92ZXJzaW9uIjoiMSJ9",
          "dependencies": [
            "module.vpc.aws_vpc.vpc"
          ]
        },
        {
          "index_key": 2,
          "schema_version": 1,
          "attributes": {
            "arn": "arn:aws:ec2:us-east-1:131578276461:subnet/subnet-00727c1f558485c50",
            "assign_ipv6_address_on_creation": false,
            "availability_zone": "us-east-1c",
            "availability_zone_id": "use1-az1",
            "cidr_block": "10.100.5.0/24",
            "customer_owned_ipv4_pool": "",
            "enable_dns64": false,
            "enable_resource_name_dns_a_record_on_launch": false,
            "enable_resource_name_dns_aaaa_record_on_launch": false,
            "id": "subnet-00727c1f558485c50",
            "ipv6_cidr_block": "",
            "ipv6_cidr_block_association_id": "",
            "ipv6_native": false,
            "map_customer_owned_ip_on_launch": false,
            "map_public_ip_on_launch": false,
            "outpost_arn": "",
            "owner_id": "131578276461",
            "private_dns_hostname_type_on_launch": "ip-name",
            "tags": {
              "Env": "dev",
              "Name": "forrester-ecs-private-subnet-2"
            },
            "tags_all": {
              "Env": "dev",
              "Name": "forrester-ecs-private-subnet-2"
            },
            "timeouts": null,
            "vpc_id": "vpc-075b60444356a8a9b"
          },
          "sensitive_attributes": [],
          "private": "eyJlMmJmYjczMC1lY2FhLTExZTYtOGY4OC0zNDM2M2JjN2M0YzAiOnsiY3JlYXRlIjo2MDAwMDAwMDAwMDAsImRlbGV0ZSI6MTIwMDAwMDAwMDAwMH0sInNjaGVtYV92ZXJzaW9uIjoiMSJ9",
          "dependencies": [
            "module.vpc.aws_vpc.vpc"
          ]
        }
      ]
    },
    {
      "module": "module.vpc",
      "mode": "managed",
      "type": "aws_subnet",
      "name": "public_subnet",
      "provider": "provider[\"registry.terraform.io/hashicorp/aws\"]",
      "instances": [
        {
          "index_key": 0,
          "schema_version": 1,
          "attributes": {
            "arn": "arn:aws:ec2:us-east-1:131578276461:subnet/subnet-0ee294d11d6352c06",
            "assign_ipv6_address_on_creation": false,
            "availability_zone": "us-east-1a",
            "availability_zone_id": "use1-az4",
            "cidr_block": "10.100.0.0/24",
            "customer_owned_ipv4_pool": "",
            "enable_dns64": false,
            "enable_resource_name_dns_a_record_on_launch": false,
            "enable_resource_name_dns_aaaa_record_on_launch": false,
            "id": "subnet-0ee294d11d6352c06",
            "ipv6_cidr_block": "",
            "ipv6_cidr_block_association_id": "",
            "ipv6_native": false,
            "map_customer_owned_ip_on_launch": false,
            "map_public_ip_on_launch": true,
            "outpost_arn": "",
            "owner_id": "131578276461",
            "private_dns_hostname_type_on_launch": "ip-name",
            "tags": {
              "Env": "dev",
              "Name": "forrester-ecs-public-subnet-0"
            },
            "tags_all": {
              "Env": "dev",
              "Name": "forrester-ecs-public-subnet-0"
            },
            "timeouts": null,
            "vpc_id": "vpc-075b60444356a8a9b"
          },
          "sensitive_attributes": [],
          "private": "eyJlMmJmYjczMC1lY2FhLTExZTYtOGY4OC0zNDM2M2JjN2M0YzAiOnsiY3JlYXRlIjo2MDAwMDAwMDAwMDAsImRlbGV0ZSI6MTIwMDAwMDAwMDAwMH0sInNjaGVtYV92ZXJzaW9uIjoiMSJ9",
          "dependencies": [
            "module.vpc.aws_vpc.vpc"
          ]
        },
        {
          "index_key": 1,
          "schema_version": 1,
          "attributes": {
            "arn": "arn:aws:ec2:us-east-1:131578276461:subnet/subnet-0150c1577c7191735",
            "assign_ipv6_address_on_creation": false,
            "availability_zone": "us-east-1b",
            "availability_zone_id": "use1-az6",
            "cidr_block": "10.100.1.0/24",
            "customer_owned_ipv4_pool": "",
            "enable_dns64": false,
            "enable_resource_name_dns_a_record_on_launch": false,
            "enable_resource_name_dns_aaaa_record_on_launch": false,
            "id": "subnet-0150c1577c7191735",
            "ipv6_cidr_block": "",
            "ipv6_cidr_block_association_id": "",
            "ipv6_native": false,
            "map_customer_owned_ip_on_launch": false,
            "map_public_ip_on_launch": true,
            "outpost_arn": "",
            "owner_id": "131578276461",
            "private_dns_hostname_type_on_launch": "ip-name",
            "tags": {
              "Env": "dev",
              "Name": "forrester-ecs-public-subnet-1"
            },
            "tags_all": {
              "Env": "dev",
              "Name": "forrester-ecs-public-subnet-1"
            },
            "timeouts": null,
            "vpc_id": "vpc-075b60444356a8a9b"
          },
          "sensitive_attributes": [],
          "private": "eyJlMmJmYjczMC1lY2FhLTExZTYtOGY4OC0zNDM2M2JjN2M0YzAiOnsiY3JlYXRlIjo2MDAwMDAwMDAwMDAsImRlbGV0ZSI6MTIwMDAwMDAwMDAwMH0sInNjaGVtYV92ZXJzaW9uIjoiMSJ9",
          "dependencies": [
            "module.vpc.aws_vpc.vpc"
          ]
        },
        {
          "index_key": 2,
          "schema_version": 1,
          "attributes": {
            "arn": "arn:aws:ec2:us-east-1:131578276461:subnet/subnet-0505ec34fa35d5c59",
            "assign_ipv6_address_on_creation": false,
            "availability_zone": "us-east-1c",
            "availability_zone_id": "use1-az1",
            "cidr_block": "10.100.2.0/24",
            "customer_owned_ipv4_pool": "",
            "enable_dns64": false,
            "enable_resource_name_dns_a_record_on_launch": false,
            "enable_resource_name_dns_aaaa_record_on_launch": false,
            "id": "subnet-0505ec34fa35d5c59",
            "ipv6_cidr_block": "",
            "ipv6_cidr_block_association_id": "",
            "ipv6_native": false,
            "map_customer_owned_ip_on_launch": false,
            "map_public_ip_on_launch": true,
            "outpost_arn": "",
            "owner_id": "131578276461",
            "private_dns_hostname_type_on_launch": "ip-name",
            "tags": {
              "Env": "dev",
              "Name": "forrester-ecs-public-subnet-2"
            },
            "tags_all": {
              "Env": "dev",
              "Name": "forrester-ecs-public-subnet-2"
            },
            "timeouts": null,
            "vpc_id": "vpc-075b60444356a8a9b"
          },
          "sensitive_attributes": [],
          "private": "eyJlMmJmYjczMC1lY2FhLTExZTYtOGY4OC0zNDM2M2JjN2M0YzAiOnsiY3JlYXRlIjo2MDAwMDAwMDAwMDAsImRlbGV0ZSI6MTIwMDAwMDAwMDAwMH0sInNjaGVtYV92ZXJzaW9uIjoiMSJ9",
          "dependencies": [
            "module.vpc.aws_vpc.vpc"
          ]
        }
      ]
    },
    {
      "module": "module.vpc",
      "mode": "managed",
      "type": "aws_vpc",
      "name": "vpc",
      "provider": "provider[\"registry.terraform.io/hashicorp/aws\"]",
      "instances": [
        {
          "schema_version": 1,
          "attributes": {
            "arn": "arn:aws:ec2:us-east-1:131578276461:vpc/vpc-075b60444356a8a9b",
            "assign_generated_ipv6_cidr_block": false,
            "cidr_block": "10.100.0.0/16",
            "default_network_acl_id": "acl-009706138c5b97054",
            "default_route_table_id": "rtb-0623cf358c074bf84",
            "default_security_group_id": "sg-014478dc4b1f06d1b",
            "dhcp_options_id": "dopt-c19231a4",
            "enable_classiclink": false,
            "enable_classiclink_dns_support": false,
            "enable_dns_hostnames": true,
            "enable_dns_support": true,
            "id": "vpc-075b60444356a8a9b",
            "instance_tenancy": "default",
            "ipv4_ipam_pool_id": null,
            "ipv4_netmask_length": null,
            "ipv6_association_id": "",
            "ipv6_cidr_block": "",
            "ipv6_cidr_block_network_border_group": "",
            "ipv6_ipam_pool_id": "",
            "ipv6_netmask_length": 0,
            "main_route_table_id": "rtb-0623cf358c074bf84",
            "owner_id": "131578276461",
            "tags": {
              "Env": "dev",
              "Name": "forrester-ecs"
            },
            "tags_all": {
              "Env": "dev",
              "Name": "forrester-ecs"
            }
          },
          "sensitive_attributes": [],
          "private": "eyJzY2hlbWFfdmVyc2lvbiI6IjEifQ=="
        }
      ]
    }
  ]
}
